
Microsoft Visual Studio Solution File, Format Version 12.00
# Visual Studio 15
VisualStudioVersion = 15.0.27004.2006
MinimumVisualStudioVersion = 10.0.40219.1
Project("{8BC9CEB8-8B4A-11D0-8D11-00A0C91BC942}") = "4op_drum_module", "4op_drum_module.vcxproj", "{BD318CF6-836C-4ACC-BA03-055A6641A87A}"
EndProject
Global
	GlobalSection(SolutionConfigurationPlatforms) = preSolution
		Debug|x64 = Debug|x64
		Debug|x86 = Debug|x86
		Release|x64 = Release|x64
		Release|x86 = Release|x86
	EndGlobalSection
	GlobalSection(ProjectConfigurationPlatforms) = postSolution
		{BD318CF6-836C-4ACC-BA03-055A6641A87A}.Debug|x64.ActiveCfg = Debug|x64
		{BD318CF6-836C-4ACC-BA03-055A6641A87A}.Debug|x64.Build.0 = Debug|x64
		{BD318CF6-836C-4ACC-BA03-055A6641A87A}.Debug|x86.ActiveCfg = Debug|Win32
		{BD318CF6-836C-4ACC-BA03-055A6641A87A}.Debug|x86.Build.0 = Debug|Win32
		{BD318CF6-836C-4ACC-BA03-055A6641A87A}.Release|x64.ActiveCfg = Release|x64
		{BD318CF6-836C-4ACC-BA03-055A6641A87A}.Release|x64.Build.0 = Release|x64
		{BD318CF6-836C-4ACC-BA03-055A6641A87A}.Release|x86.ActiveCfg = Release|Win32
		{BD318CF6-836C-4ACC-BA03-055A6641A87A}.Release|x86.Build.0 = Release|Win32
	EndGlobalSection
	GlobalSection(SolutionProperties) = preSolution
		HideSolutionNode = FALSE
	EndGlobalSection
	GlobalSection(ExtensibilityGlobals) = postSolution
		SolutionGuid = {59E9DCA0-0513-4FD3-98F4-C11A53B775D6}
	EndGlobalSection
EndGlobal
